
Microsoft Visual Studio Solution File, Format Version 12.00
# Visual Studio Version 16
VisualStudioVersion = 16.6.30114.105
MinimumVisualStudioVersion = 10.0.40219.1
Project("{FAE04EC0-301F-11D3-BF4B-00C04F79EFBC}") = "Domain", "Domain\Domain.csproj", "{4763A1EC-A0CF-48C9-A3B3-5866370105F6}"
EndProject
Project("{FAE04EC0-301F-11D3-BF4B-00C04F79EFBC}") = "Logic", "Logic\Logic.csproj", "{C00B5813-B86B-4754-8196-BD1041F09150}"
EndProject
Project("{FAE04EC0-301F-11D3-BF4B-00C04F79EFBC}") = "Repository", "Repository\Repository.csproj", "{043790F9-9407-4BB8-853C-EFC05A17E098}"
EndProject
Project("{FAE04EC0-301F-11D3-BF4B-00C04F79EFBC}") = "Testing", "Testing\Testing.csproj", "{C3C844DC-CA47-4B75-8778-9AA3C46EFA82}"
EndProject
Project("{FAE04EC0-301F-11D3-BF4B-00C04F79EFBC}") = "WebApi", "WebApi\WebApi.csproj", "{38C9DC15-62CB-4E06-B260-AF2C64BCE17A}"
EndProject
Global
	GlobalSection(SolutionConfigurationPlatforms) = preSolution
		Debug|Any CPU = Debug|Any CPU
		Debug|x64 = Debug|x64
		Debug|x86 = Debug|x86
		Release|Any CPU = Release|Any CPU
		Release|x64 = Release|x64
		Release|x86 = Release|x86
	EndGlobalSection
	GlobalSection(SolutionProperties) = preSolution
		HideSolutionNode = FALSE
	EndGlobalSection
	GlobalSection(ProjectConfigurationPlatforms) = postSolution
		{4763A1EC-A0CF-48C9-A3B3-5866370105F6}.Debug|Any CPU.ActiveCfg = Debug|Any CPU
		{4763A1EC-A0CF-48C9-A3B3-5866370105F6}.Debug|Any CPU.Build.0 = Debug|Any CPU
		{4763A1EC-A0CF-48C9-A3B3-5866370105F6}.Debug|x64.ActiveCfg = Debug|Any CPU
		{4763A1EC-A0CF-48C9-A3B3-5866370105F6}.Debug|x64.Build.0 = Debug|Any CPU
		{4763A1EC-A0CF-48C9-A3B3-5866370105F6}.Debug|x86.ActiveCfg = Debug|Any CPU
		{4763A1EC-A0CF-48C9-A3B3-5866370105F6}.Debug|x86.Build.0 = Debug|Any CPU
		{4763A1EC-A0CF-48C9-A3B3-5866370105F6}.Release|Any CPU.ActiveCfg = Release|Any CPU
		{4763A1EC-A0CF-48C9-A3B3-5866370105F6}.Release|Any CPU.Build.0 = Release|Any CPU
		{4763A1EC-A0CF-48C9-A3B3-5866370105F6}.Release|x64.ActiveCfg = Release|Any CPU
		{4763A1EC-A0CF-48C9-A3B3-5866370105F6}.Release|x64.Build.0 = Release|Any CPU
		{4763A1EC-A0CF-48C9-A3B3-5866370105F6}.Release|x86.ActiveCfg = Release|Any CPU
		{4763A1EC-A0CF-48C9-A3B3-5866370105F6}.Release|x86.Build.0 = Release|Any CPU
		{C00B5813-B86B-4754-8196-BD1041F09150}.Debug|Any CPU.ActiveCfg = Debug|Any CPU
		{C00B5813-B86B-4754-8196-BD1041F09150}.Debug|Any CPU.Build.0 = Debug|Any CPU
		{C00B5813-B86B-4754-8196-BD1041F09150}.Debug|x64.ActiveCfg = Debug|Any CPU
		{C00B5813-B86B-4754-8196-BD1041F09150}.Debug|x64.Build.0 = Debug|Any CPU
		{C00B5813-B86B-4754-8196-BD1041F09150}.Debug|x86.ActiveCfg = Debug|Any CPU
		{C00B5813-B86B-4754-8196-BD1041F09150}.Debug|x86.Build.0 = Debug|Any CPU
		{C00B5813-B86B-4754-8196-BD1041F09150}.Release|Any CPU.ActiveCfg = Release|Any CPU
		{C00B5813-B86B-4754-8196-BD1041F09150}.Release|Any CPU.Build.0 = Release|Any CPU
		{C00B5813-B86B-4754-8196-BD1041F09150}.Release|x64.ActiveCfg = Release|Any CPU
		{C00B5813-B86B-4754-8196-BD1041F09150}.Release|x64.Build.0 = Release|Any CPU
		{C00B5813-B86B-4754-8196-BD1041F09150}.Release|x86.ActiveCfg = Release|Any CPU
		{C00B5813-B86B-4754-8196-BD1041F09150}.Release|x86.Build.0 = Release|Any CPU
		{043790F9-9407-4BB8-853C-EFC05A17E098}.Debug|Any CPU.ActiveCfg = Debug|Any CPU
		{043790F9-9407-4BB8-853C-EFC05A17E098}.Debug|Any CPU.Build.0 = Debug|Any CPU
		{043790F9-9407-4BB8-853C-EFC05A17E098}.Debug|x64.ActiveCfg = Debug|Any CPU
		{043790F9-9407-4BB8-853C-EFC05A17E098}.Debug|x64.Build.0 = Debug|Any CPU
		{043790F9-9407-4BB8-853C-EFC05A17E098}.Debug|x86.ActiveCfg = Debug|Any CPU
		{043790F9-9407-4BB8-853C-EFC05A17E098}.Debug|x86.Build.0 = Debug|Any CPU
		{043790F9-9407-4BB8-853C-EFC05A17E098}.Release|Any CPU.ActiveCfg = Release|Any CPU
		{043790F9-9407-4BB8-853C-EFC05A17E098}.Release|Any CPU.Build.0 = Release|Any CPU
		{043790F9-9407-4BB8-853C-EFC05A17E098}.Release|x64.ActiveCfg = Release|Any CPU
		{043790F9-9407-4BB8-853C-EFC05A17E098}.Release|x64.Build.0 = Release|Any CPU
		{043790F9-9407-4BB8-853C-EFC05A17E098}.Release|x86.ActiveCfg = Release|Any CPU
		{043790F9-9407-4BB8-853C-EFC05A17E098}.Release|x86.Build.0 = Release|Any CPU
		{C3C844DC-CA47-4B75-8778-9AA3C46EFA82}.Debug|Any CPU.ActiveCfg = Debug|Any CPU
		{C3C844DC-CA47-4B75-8778-9AA3C46EFA82}.Debug|Any CPU.Build.0 = Debug|Any CPU
		{C3C844DC-CA47-4B75-8778-9AA3C46EFA82}.Debug|x64.ActiveCfg = Debug|Any CPU
		{C3C844DC-CA47-4B75-8778-9AA3C46EFA82}.Debug|x64.Build.0 = Debug|Any CPU
		{C3C844DC-CA47-4B75-8778-9AA3C46EFA82}.Debug|x86.ActiveCfg = Debug|Any CPU
		{C3C844DC-CA47-4B75-8778-9AA3C46EFA82}.Debug|x86.Build.0 = Debug|Any CPU
		{C3C844DC-CA47-4B75-8778-9AA3C46EFA82}.Release|Any CPU.ActiveCfg = Release|Any CPU
		{C3C844DC-CA47-4B75-8778-9AA3C46EFA82}.Release|Any CPU.Build.0 = Release|Any CPU
		{C3C844DC-CA47-4B75-8778-9AA3C46EFA82}.Release|x64.ActiveCfg = Release|Any CPU
		{C3C844DC-CA47-4B75-8778-9AA3C46EFA82}.Release|x64.Build.0 = Release|Any CPU
		{C3C844DC-CA47-4B75-8778-9AA3C46EFA82}.Release|x86.ActiveCfg = Release|Any CPU
		{C3C844DC-CA47-4B75-8778-9AA3C46EFA82}.Release|x86.Build.0 = Release|Any CPU
		{38C9DC15-62CB-4E06-B260-AF2C64BCE17A}.Debug|Any CPU.ActiveCfg = Debug|Any CPU
		{38C9DC15-62CB-4E06-B260-AF2C64BCE17A}.Debug|Any CPU.Build.0 = Debug|Any CPU
		{38C9DC15-62CB-4E06-B260-AF2C64BCE17A}.Debug|x64.ActiveCfg = Debug|Any CPU
		{38C9DC15-62CB-4E06-B260-AF2C64BCE17A}.Debug|x64.Build.0 = Debug|Any CPU
		{38C9DC15-62CB-4E06-B260-AF2C64BCE17A}.Debug|x86.ActiveCfg = Debug|Any CPU
		{38C9DC15-62CB-4E06-B260-AF2C64BCE17A}.Debug|x86.Build.0 = Debug|Any CPU
		{38C9DC15-62CB-4E06-B260-AF2C64BCE17A}.Release|Any CPU.ActiveCfg = Release|Any CPU
		{38C9DC15-62CB-4E06-B260-AF2C64BCE17A}.Release|Any CPU.Build.0 = Release|Any CPU
		{38C9DC15-62CB-4E06-B260-AF2C64BCE17A}.Release|x64.ActiveCfg = Release|Any CPU
		{38C9DC15-62CB-4E06-B260-AF2C64BCE17A}.Release|x64.Build.0 = Release|Any CPU
		{38C9DC15-62CB-4E06-B260-AF2C64BCE17A}.Release|x86.ActiveCfg = Release|Any CPU
		{38C9DC15-62CB-4E06-B260-AF2C64BCE17A}.Release|x86.Build.0 = Release|Any CPU
	EndGlobalSection
EndGlobal
